{
  "version": 4,
  "terraform_version": "1.4.5",
  "serial": 43,
  "lineage": "104cd7c4-09b7-3749-25b3-f56dcf7c6586",
  "outputs": {},
  "resources": [
    {
      "mode": "managed",
      "type": "aws_instance",
      "name": "application",
      "provider": "provider[\"registry.terraform.io/hashicorp/aws\"]",
      "instances": [
        {
          "schema_version": 1,
          "attributes": {
            "ami": "ami-06e46074ae430fba6",
            "arn": "arn:aws:ec2:us-east-1:738360436961:instance/i-0a2815ae44ed19e19",
            "associate_public_ip_address": false,
            "availability_zone": "us-east-1a",
            "capacity_reservation_specification": [
              {
                "capacity_reservation_preference": "open",
                "capacity_reservation_target": []
              }
            ],
            "cpu_core_count": 1,
            "cpu_threads_per_core": 1,
            "credit_specification": [
              {
                "cpu_credits": "standard"
              }
            ],
            "disable_api_stop": false,
            "disable_api_termination": false,
            "ebs_block_device": [],
            "ebs_optimized": false,
            "enclave_options": [
              {
                "enabled": false
              }
            ],
            "ephemeral_block_device": [],
            "get_password_data": false,
            "hibernation": false,
            "host_id": "",
            "host_resource_group_arn": null,
            "iam_instance_profile": "",
            "id": "i-0a2815ae44ed19e19",
            "instance_initiated_shutdown_behavior": "stop",
            "instance_state": "running",
            "instance_type": "t2.micro",
            "ipv6_address_count": 0,
            "ipv6_addresses": [],
            "key_name": "instance-public-key",
            "launch_template": [],
            "maintenance_options": [
              {
                "auto_recovery": "default"
              }
            ],
            "metadata_options": [
              {
                "http_endpoint": "enabled",
                "http_put_response_hop_limit": 2,
                "http_tokens": "required",
                "instance_metadata_tags": "disabled"
              }
            ],
            "monitoring": false,
            "network_interface": [],
            "outpost_arn": "",
            "password_data": "",
            "placement_group": "",
            "placement_partition_number": 0,
            "primary_network_interface_id": "eni-00c69b6dd2839cd14",
            "private_dns": "ip-10-0-3-215.ec2.internal",
            "private_dns_name_options": [
              {
                "enable_resource_name_dns_a_record": false,
                "enable_resource_name_dns_aaaa_record": false,
                "hostname_type": "ip-name"
              }
            ],
            "private_ip": "10.0.3.215",
            "public_dns": "",
            "public_ip": "",
            "root_block_device": [
              {
                "delete_on_termination": true,
                "device_name": "/dev/xvda",
                "encrypted": false,
                "iops": 3000,
                "kms_key_id": "",
                "tags": {},
                "throughput": 125,
                "volume_id": "vol-092db82034c32428d",
                "volume_size": 8,
                "volume_type": "gp3"
              }
            ],
            "secondary_private_ips": [],
            "security_groups": [],
            "source_dest_check": true,
            "subnet_id": "subnet-0efcac1e6d38c3bcc",
            "tags": null,
            "tags_all": {},
            "tenancy": "default",
            "timeouts": null,
            "user_data": null,
            "user_data_base64": null,
            "user_data_replace_on_change": false,
            "volume_tags": null,
            "vpc_security_group_ids": [
              "sg-0d354fa87a737f230"
            ]
          },
          "sensitive_attributes": [],
          "private": "eyJlMmJmYjczMC1lY2FhLTExZTYtOGY4OC0zNDM2M2JjN2M0YzAiOnsiY3JlYXRlIjo2MDAwMDAwMDAwMDAsImRlbGV0ZSI6MTIwMDAwMDAwMDAwMCwidXBkYXRlIjo2MDAwMDAwMDAwMDB9LCJzY2hlbWFfdmVyc2lvbiI6IjEifQ==",
          "dependencies": [
            "aws_security_group.app_sg",
            "aws_subnet.private-subnet-1",
            "aws_vpc.my_vpc"
          ]
        }
      ]
    },
    {
      "mode": "managed",
      "type": "aws_instance",
      "name": "bastion-instence",
      "provider": "provider[\"registry.terraform.io/hashicorp/aws\"]",
      "instances": [
        {
          "schema_version": 1,
          "attributes": {
            "ami": "ami-06e46074ae430fba6",
            "arn": "arn:aws:ec2:us-east-1:738360436961:instance/i-08c829c226c209314",
            "associate_public_ip_address": true,
            "availability_zone": "us-east-1a",
            "capacity_reservation_specification": [
              {
                "capacity_reservation_preference": "open",
                "capacity_reservation_target": []
              }
            ],
            "cpu_core_count": 1,
            "cpu_threads_per_core": 1,
            "credit_specification": [
              {
                "cpu_credits": "standard"
              }
            ],
            "disable_api_stop": false,
            "disable_api_termination": false,
            "ebs_block_device": [],
            "ebs_optimized": false,
            "enclave_options": [
              {
                "enabled": false
              }
            ],
            "ephemeral_block_device": [],
            "get_password_data": false,
            "hibernation": false,
            "host_id": "",
            "host_resource_group_arn": null,
            "iam_instance_profile": "",
            "id": "i-08c829c226c209314",
            "instance_initiated_shutdown_behavior": "stop",
            "instance_state": "running",
            "instance_type": "t2.micro",
            "ipv6_address_count": 0,
            "ipv6_addresses": [],
            "key_name": "instance-public-key",
            "launch_template": [],
            "maintenance_options": [
              {
                "auto_recovery": "default"
              }
            ],
            "metadata_options": [
              {
                "http_endpoint": "enabled",
                "http_put_response_hop_limit": 2,
                "http_tokens": "required",
                "instance_metadata_tags": "disabled"
              }
            ],
            "monitoring": false,
            "network_interface": [],
            "outpost_arn": "",
            "password_data": "",
            "placement_group": "",
            "placement_partition_number": 0,
            "primary_network_interface_id": "eni-0dbdf30e59c904e6a",
            "private_dns": "ip-10-0-1-99.ec2.internal",
            "private_dns_name_options": [
              {
                "enable_resource_name_dns_a_record": false,
                "enable_resource_name_dns_aaaa_record": false,
                "hostname_type": "ip-name"
              }
            ],
            "private_ip": "10.0.1.99",
            "public_dns": "ec2-3-85-61-45.compute-1.amazonaws.com",
            "public_ip": "3.85.61.45",
            "root_block_device": [
              {
                "delete_on_termination": true,
                "device_name": "/dev/xvda",
                "encrypted": false,
                "iops": 3000,
                "kms_key_id": "",
                "tags": {},
                "throughput": 125,
                "volume_id": "vol-0fd5912c0609edb14",
                "volume_size": 8,
                "volume_type": "gp3"
              }
            ],
            "secondary_private_ips": [],
            "security_groups": [],
            "source_dest_check": true,
            "subnet_id": "subnet-0085acc690c560f94",
            "tags": {},
            "tags_all": {},
            "tenancy": "default",
            "timeouts": null,
            "user_data": null,
            "user_data_base64": null,
            "user_data_replace_on_change": false,
            "volume_tags": null,
            "vpc_security_group_ids": [
              "sg-07da795fd53052872"
            ]
          },
          "sensitive_attributes": [],
          "private": "eyJlMmJmYjczMC1lY2FhLTExZTYtOGY4OC0zNDM2M2JjN2M0YzAiOnsiY3JlYXRlIjo2MDAwMDAwMDAwMDAsImRlbGV0ZSI6MTIwMDAwMDAwMDAwMCwidXBkYXRlIjo2MDAwMDAwMDAwMDB9LCJzY2hlbWFfdmVyc2lvbiI6IjEifQ==",
          "dependencies": [
            "aws_security_group.bastion_sg",
            "aws_subnet.public_subnet_1",
            "aws_vpc.my_vpc"
          ]
        }
      ]
    },
    {
      "mode": "managed",
      "type": "aws_internet_gateway",
      "name": "my_igw",
      "provider": "provider[\"registry.terraform.io/hashicorp/aws\"]",
      "instances": [
        {
          "schema_version": 0,
          "attributes": {
            "arn": "arn:aws:ec2:us-east-1:738360436961:internet-gateway/igw-04de1b93d2dd3cab1",
            "id": "igw-04de1b93d2dd3cab1",
            "owner_id": "738360436961",
            "tags": {
              "Name": "my-igw"
            },
            "tags_all": {
              "Name": "my-igw"
            },
            "timeouts": null,
            "vpc_id": "vpc-01daa344e98be2363"
          },
          "sensitive_attributes": [],
          "private": "eyJlMmJmYjczMC1lY2FhLTExZTYtOGY4OC0zNDM2M2JjN2M0YzAiOnsiY3JlYXRlIjoxMjAwMDAwMDAwMDAwLCJkZWxldGUiOjEyMDAwMDAwMDAwMDAsInVwZGF0ZSI6MTIwMDAwMDAwMDAwMH19",
          "dependencies": [
            "aws_vpc.my_vpc"
          ]
        }
      ]
    },
    {
      "mode": "managed",
      "type": "aws_key_pair",
      "name": "my_instance_key",
      "provider": "provider[\"registry.terraform.io/hashicorp/aws\"]",
      "instances": [
        {
          "schema_version": 1,
          "attributes": {
            "arn": "arn:aws:ec2:us-east-1:738360436961:key-pair/instance-public-key",
            "fingerprint": "aa:24:06:b0:8f:d6:2f:d7:02:da:bf:ef:24:bb:63:b1",
            "id": "instance-public-key",
            "key_name": "instance-public-key",
            "key_name_prefix": "",
            "key_pair_id": "key-0d36fff3e0b251031",
            "key_type": "rsa",
            "public_key": "ssh-rsa AAAAB3NzaC1yc2EAAAADAQABAAACAQCcqc9G/PzF+JyIS2qYPI6IOKG78K6LrAfEd819BtulorafECSvR3iCx5Yw8XVKbHXbzNs/LXXbG0FmRSx3x74eQbUgIZhsfIY5u8KfMszV8cVs14MtZocYvMoAQ4iw2QZXoGy7muS9nVSkY6wO8Nu3l7YzUc5Lt5JUpPU3oidFLuTB1rdhebFMUosUUQMf35p7/xakUIhucLehMAL6eeicrWeC3qopWfqUI5CTq2nZKCO5glgzahxfEM+Php3k+brVzl33Ra6gLIPMbI2Qci4WHVoRyBxJP/t+upXbgcTrF3+U9xcla+YYz1bTBePYKtMmk3EZzESXm4P0ctRfVEBK5Jb9B/tfH0ezKgq6Sp/3/DG795byGMw0JtnZCGXv3KPadX1fDqQoNkVWgBiq50P9siAT600ihggUzzN1/8BwEmb8PaYz85xaxjpkMcPVmix3MZrJwejQIqTd3ipXMlwJRd/s/jDUDResoKVPWolbWQaVnHznpmSKkwPakahQMVot8FCeyzxNZIIscJKCI7C+mm3MKVd1pLq0TYIt1Du4bgM+/uHpO128IXtArdkS+ELQFgRk5MSfGQUZF2Kelo3Flz6vrtQtuxHveCLwagtlDvvvpaaj4Up8IMOoAhG6pouPcofDsCEa4RsaooSNaIOk2HMgbNUhO6YP/ljxUlyZ4w==",
            "tags": {},
            "tags_all": {}
          },
          "sensitive_attributes": [],
          "private": "eyJzY2hlbWFfdmVyc2lvbiI6IjEifQ==",
          "dependencies": [
            "tls_private_key.rsa"
          ]
        }
      ]
    },
    {
      "mode": "managed",
      "type": "aws_route_table",
      "name": "private_rt",
      "provider": "provider[\"registry.terraform.io/hashicorp/aws\"]",
      "instances": [
        {
          "schema_version": 0,
          "attributes": {
            "arn": "arn:aws:ec2:us-east-1:738360436961:route-table/rtb-097675c8520334bb0",
            "id": "rtb-097675c8520334bb0",
            "owner_id": "738360436961",
            "propagating_vgws": [],
            "route": [],
            "tags": {
              "Name": "private-rt"
            },
            "tags_all": {
              "Name": "private-rt"
            },
            "timeouts": null,
            "vpc_id": "vpc-01daa344e98be2363"
          },
          "sensitive_attributes": [],
          "private": "eyJlMmJmYjczMC1lY2FhLTExZTYtOGY4OC0zNDM2M2JjN2M0YzAiOnsiY3JlYXRlIjozMDAwMDAwMDAwMDAsImRlbGV0ZSI6MzAwMDAwMDAwMDAwLCJ1cGRhdGUiOjEyMDAwMDAwMDAwMH19",
          "dependencies": [
            "aws_vpc.my_vpc"
          ]
        }
      ]
    },
    {
      "mode": "managed",
      "type": "aws_route_table",
      "name": "public_rt",
      "provider": "provider[\"registry.terraform.io/hashicorp/aws\"]",
      "instances": [
        {
          "schema_version": 0,
          "attributes": {
            "arn": "arn:aws:ec2:us-east-1:738360436961:route-table/rtb-0447a7347f40e495e",
            "id": "rtb-0447a7347f40e495e",
            "owner_id": "738360436961",
            "propagating_vgws": [],
            "route": [
              {
                "carrier_gateway_id": "",
                "cidr_block": "0.0.0.0/0",
                "core_network_arn": "",
                "destination_prefix_list_id": "",
                "egress_only_gateway_id": "",
                "gateway_id": "igw-04de1b93d2dd3cab1",
                "instance_id": "",
                "ipv6_cidr_block": "",
                "local_gateway_id": "",
                "nat_gateway_id": "",
                "network_interface_id": "",
                "transit_gateway_id": "",
                "vpc_endpoint_id": "",
                "vpc_peering_connection_id": ""
              }
            ],
            "tags": {
              "Name": "public-rt"
            },
            "tags_all": {
              "Name": "public-rt"
            },
            "timeouts": null,
            "vpc_id": "vpc-01daa344e98be2363"
          },
          "sensitive_attributes": [],
          "private": "eyJlMmJmYjczMC1lY2FhLTExZTYtOGY4OC0zNDM2M2JjN2M0YzAiOnsiY3JlYXRlIjozMDAwMDAwMDAwMDAsImRlbGV0ZSI6MzAwMDAwMDAwMDAwLCJ1cGRhdGUiOjEyMDAwMDAwMDAwMH19",
          "dependencies": [
            "aws_internet_gateway.my_igw",
            "aws_vpc.my_vpc"
          ]
        }
      ]
    },
    {
      "mode": "managed",
      "type": "aws_route_table_association",
      "name": "private_rta",
      "provider": "provider[\"registry.terraform.io/hashicorp/aws\"]",
      "instances": [
        {
          "schema_version": 0,
          "attributes": {
            "gateway_id": "",
            "id": "rtbassoc-007cbd7ffacdaa24f",
            "route_table_id": "rtb-097675c8520334bb0",
            "subnet_id": "subnet-0efcac1e6d38c3bcc"
          },
          "sensitive_attributes": [],
          "private": "bnVsbA==",
          "dependencies": [
            "aws_route_table.private_rt",
            "aws_subnet.private-subnet-1",
            "aws_vpc.my_vpc"
          ]
        }
      ]
    },
    {
      "mode": "managed",
      "type": "aws_route_table_association",
      "name": "public_rta",
      "provider": "provider[\"registry.terraform.io/hashicorp/aws\"]",
      "instances": [
        {
          "schema_version": 0,
          "attributes": {
            "gateway_id": "",
            "id": "rtbassoc-0308de43439942653",
            "route_table_id": "rtb-0447a7347f40e495e",
            "subnet_id": "subnet-0085acc690c560f94"
          },
          "sensitive_attributes": [],
          "private": "bnVsbA==",
          "dependencies": [
            "aws_internet_gateway.my_igw",
            "aws_route_table.public_rt",
            "aws_subnet.public_subnet_1",
            "aws_vpc.my_vpc"
          ]
        }
      ]
    },
    {
      "mode": "managed",
      "type": "aws_security_group",
      "name": "app_sg",
      "provider": "provider[\"registry.terraform.io/hashicorp/aws\"]",
      "instances": [
        {
          "schema_version": 1,
          "attributes": {
            "arn": "arn:aws:ec2:us-east-1:738360436961:security-group/sg-0d354fa87a737f230",
            "description": "Security group for app instance",
            "egress": [],
            "id": "sg-0d354fa87a737f230",
            "ingress": [
              {
                "cidr_blocks": [
                  "10.0.0.0/16"
                ],
                "description": "",
                "from_port": 22,
                "ipv6_cidr_blocks": [],
                "prefix_list_ids": [],
                "protocol": "tcp",
                "security_groups": [],
                "self": false,
                "to_port": 22
              },
              {
                "cidr_blocks": [
                  "10.0.0.0/16"
                ],
                "description": "",
                "from_port": 3000,
                "ipv6_cidr_blocks": [],
                "prefix_list_ids": [],
                "protocol": "tcp",
                "security_groups": [],
                "self": false,
                "to_port": 3000
              }
            ],
            "name": "app-sg-20230414215041939100000002",
            "name_prefix": "app-sg-",
            "owner_id": "738360436961",
            "revoke_rules_on_delete": false,
            "tags": {},
            "tags_all": {},
            "timeouts": null,
            "vpc_id": "vpc-01daa344e98be2363"
          },
          "sensitive_attributes": [],
          "private": "eyJlMmJmYjczMC1lY2FhLTExZTYtOGY4OC0zNDM2M2JjN2M0YzAiOnsiY3JlYXRlIjo2MDAwMDAwMDAwMDAsImRlbGV0ZSI6OTAwMDAwMDAwMDAwfSwic2NoZW1hX3ZlcnNpb24iOiIxIn0=",
          "dependencies": [
            "aws_vpc.my_vpc"
          ]
        }
      ]
    },
    {
      "mode": "managed",
      "type": "aws_security_group",
      "name": "bastion_sg",
      "provider": "provider[\"registry.terraform.io/hashicorp/aws\"]",
      "instances": [
        {
          "schema_version": 1,
          "attributes": {
            "arn": "arn:aws:ec2:us-east-1:738360436961:security-group/sg-07da795fd53052872",
            "description": "Security group for bastion instance",
            "egress": [],
            "id": "sg-07da795fd53052872",
            "ingress": [
              {
                "cidr_blocks": [
                  "0.0.0.0/0"
                ],
                "description": "",
                "from_port": 22,
                "ipv6_cidr_blocks": [],
                "prefix_list_ids": [],
                "protocol": "tcp",
                "security_groups": [],
                "self": false,
                "to_port": 22
              }
            ],
            "name": "bastion-sg-20230414215041928600000001",
            "name_prefix": "bastion-sg-",
            "owner_id": "738360436961",
            "revoke_rules_on_delete": false,
            "tags": {},
            "tags_all": {},
            "timeouts": null,
            "vpc_id": "vpc-01daa344e98be2363"
          },
          "sensitive_attributes": [],
          "private": "eyJlMmJmYjczMC1lY2FhLTExZTYtOGY4OC0zNDM2M2JjN2M0YzAiOnsiY3JlYXRlIjo2MDAwMDAwMDAwMDAsImRlbGV0ZSI6OTAwMDAwMDAwMDAwfSwic2NoZW1hX3ZlcnNpb24iOiIxIn0=",
          "dependencies": [
            "aws_vpc.my_vpc"
          ]
        }
      ]
    },
    {
      "mode": "managed",
      "type": "aws_subnet",
      "name": "private-subnet-1",
      "provider": "provider[\"registry.terraform.io/hashicorp/aws\"]",
      "instances": [
        {
          "schema_version": 1,
          "attributes": {
            "arn": "arn:aws:ec2:us-east-1:738360436961:subnet/subnet-0efcac1e6d38c3bcc",
            "assign_ipv6_address_on_creation": false,
            "availability_zone": "us-east-1a",
            "availability_zone_id": "use1-az4",
            "cidr_block": "10.0.3.0/24",
            "customer_owned_ipv4_pool": "",
            "enable_dns64": false,
            "enable_resource_name_dns_a_record_on_launch": false,
            "enable_resource_name_dns_aaaa_record_on_launch": false,
            "id": "subnet-0efcac1e6d38c3bcc",
            "ipv6_cidr_block": "",
            "ipv6_cidr_block_association_id": "",
            "ipv6_native": false,
            "map_customer_owned_ip_on_launch": false,
            "map_public_ip_on_launch": false,
            "outpost_arn": "",
            "owner_id": "738360436961",
            "private_dns_hostname_type_on_launch": "ip-name",
            "tags": {
              "Name": "private-subnet-1"
            },
            "tags_all": {
              "Name": "private-subnet-1"
            },
            "timeouts": null,
            "vpc_id": "vpc-01daa344e98be2363"
          },
          "sensitive_attributes": [],
          "private": "eyJlMmJmYjczMC1lY2FhLTExZTYtOGY4OC0zNDM2M2JjN2M0YzAiOnsiY3JlYXRlIjo2MDAwMDAwMDAwMDAsImRlbGV0ZSI6MTIwMDAwMDAwMDAwMH0sInNjaGVtYV92ZXJzaW9uIjoiMSJ9",
          "dependencies": [
            "aws_vpc.my_vpc"
          ]
        }
      ]
    },
    {
      "mode": "managed",
      "type": "aws_subnet",
      "name": "private-subnet-2",
      "provider": "provider[\"registry.terraform.io/hashicorp/aws\"]",
      "instances": [
        {
          "schema_version": 1,
          "attributes": {
            "arn": "arn:aws:ec2:us-east-1:738360436961:subnet/subnet-0549844d246abd66e",
            "assign_ipv6_address_on_creation": false,
            "availability_zone": "us-east-1b",
            "availability_zone_id": "use1-az6",
            "cidr_block": "10.0.4.0/24",
            "customer_owned_ipv4_pool": "",
            "enable_dns64": false,
            "enable_resource_name_dns_a_record_on_launch": false,
            "enable_resource_name_dns_aaaa_record_on_launch": false,
            "id": "subnet-0549844d246abd66e",
            "ipv6_cidr_block": "",
            "ipv6_cidr_block_association_id": "",
            "ipv6_native": false,
            "map_customer_owned_ip_on_launch": false,
            "map_public_ip_on_launch": false,
            "outpost_arn": "",
            "owner_id": "738360436961",
            "private_dns_hostname_type_on_launch": "ip-name",
            "tags": {
              "Name": "private-subnet-2"
            },
            "tags_all": {
              "Name": "private-subnet-2"
            },
            "timeouts": null,
            "vpc_id": "vpc-01daa344e98be2363"
          },
          "sensitive_attributes": [],
          "private": "eyJlMmJmYjczMC1lY2FhLTExZTYtOGY4OC0zNDM2M2JjN2M0YzAiOnsiY3JlYXRlIjo2MDAwMDAwMDAwMDAsImRlbGV0ZSI6MTIwMDAwMDAwMDAwMH0sInNjaGVtYV92ZXJzaW9uIjoiMSJ9",
          "dependencies": [
            "aws_vpc.my_vpc"
          ]
        }
      ]
    },
    {
      "mode": "managed",
      "type": "aws_subnet",
      "name": "public_subnet_1",
      "provider": "provider[\"registry.terraform.io/hashicorp/aws\"]",
      "instances": [
        {
          "schema_version": 1,
          "attributes": {
            "arn": "arn:aws:ec2:us-east-1:738360436961:subnet/subnet-0085acc690c560f94",
            "assign_ipv6_address_on_creation": false,
            "availability_zone": "us-east-1a",
            "availability_zone_id": "use1-az4",
            "cidr_block": "10.0.1.0/24",
            "customer_owned_ipv4_pool": "",
            "enable_dns64": false,
            "enable_resource_name_dns_a_record_on_launch": false,
            "enable_resource_name_dns_aaaa_record_on_launch": false,
            "id": "subnet-0085acc690c560f94",
            "ipv6_cidr_block": "",
            "ipv6_cidr_block_association_id": "",
            "ipv6_native": false,
            "map_customer_owned_ip_on_launch": false,
            "map_public_ip_on_launch": true,
            "outpost_arn": "",
            "owner_id": "738360436961",
            "private_dns_hostname_type_on_launch": "ip-name",
            "tags": {
              "Name": "public-subnet-1"
            },
            "tags_all": {
              "Name": "public-subnet-1"
            },
            "timeouts": null,
            "vpc_id": "vpc-01daa344e98be2363"
          },
          "sensitive_attributes": [],
          "private": "eyJlMmJmYjczMC1lY2FhLTExZTYtOGY4OC0zNDM2M2JjN2M0YzAiOnsiY3JlYXRlIjo2MDAwMDAwMDAwMDAsImRlbGV0ZSI6MTIwMDAwMDAwMDAwMH0sInNjaGVtYV92ZXJzaW9uIjoiMSJ9",
          "dependencies": [
            "aws_vpc.my_vpc"
          ]
        }
      ]
    },
    {
      "mode": "managed",
      "type": "aws_subnet",
      "name": "public_subnet_2",
      "provider": "provider[\"registry.terraform.io/hashicorp/aws\"]",
      "instances": [
        {
          "schema_version": 1,
          "attributes": {
            "arn": "arn:aws:ec2:us-east-1:738360436961:subnet/subnet-06628b5227ba4a821",
            "assign_ipv6_address_on_creation": false,
            "availability_zone": "us-east-1b",
            "availability_zone_id": "use1-az6",
            "cidr_block": "10.0.2.0/24",
            "customer_owned_ipv4_pool": "",
            "enable_dns64": false,
            "enable_resource_name_dns_a_record_on_launch": false,
            "enable_resource_name_dns_aaaa_record_on_launch": false,
            "id": "subnet-06628b5227ba4a821",
            "ipv6_cidr_block": "",
            "ipv6_cidr_block_association_id": "",
            "ipv6_native": false,
            "map_customer_owned_ip_on_launch": false,
            "map_public_ip_on_launch": true,
            "outpost_arn": "",
            "owner_id": "738360436961",
            "private_dns_hostname_type_on_launch": "ip-name",
            "tags": {
              "Name": "public-subnet-2"
            },
            "tags_all": {
              "Name": "public-subnet-2"
            },
            "timeouts": null,
            "vpc_id": "vpc-01daa344e98be2363"
          },
          "sensitive_attributes": [],
          "private": "eyJlMmJmYjczMC1lY2FhLTExZTYtOGY4OC0zNDM2M2JjN2M0YzAiOnsiY3JlYXRlIjo2MDAwMDAwMDAwMDAsImRlbGV0ZSI6MTIwMDAwMDAwMDAwMH0sInNjaGVtYV92ZXJzaW9uIjoiMSJ9",
          "dependencies": [
            "aws_vpc.my_vpc"
          ]
        }
      ]
    },
    {
      "mode": "managed",
      "type": "aws_vpc",
      "name": "my_vpc",
      "provider": "provider[\"registry.terraform.io/hashicorp/aws\"]",
      "instances": [
        {
          "schema_version": 1,
          "attributes": {
            "arn": "arn:aws:ec2:us-east-1:738360436961:vpc/vpc-01daa344e98be2363",
            "assign_generated_ipv6_cidr_block": false,
            "cidr_block": "10.0.0.0/16",
            "default_network_acl_id": "acl-0e5ec0dcfcc59bc68",
            "default_route_table_id": "rtb-09c508074e7ef7d94",
            "default_security_group_id": "sg-0283272c644472d13",
            "dhcp_options_id": "dopt-03a611d88343ca746",
            "enable_classiclink": false,
            "enable_classiclink_dns_support": false,
            "enable_dns_hostnames": true,
            "enable_dns_support": true,
            "enable_network_address_usage_metrics": false,
            "id": "vpc-01daa344e98be2363",
            "instance_tenancy": "default",
            "ipv4_ipam_pool_id": null,
            "ipv4_netmask_length": null,
            "ipv6_association_id": "",
            "ipv6_cidr_block": "",
            "ipv6_cidr_block_network_border_group": "",
            "ipv6_ipam_pool_id": "",
            "ipv6_netmask_length": 0,
            "main_route_table_id": "rtb-09c508074e7ef7d94",
            "owner_id": "738360436961",
            "tags": {
              "Name": "my-vpc"
            },
            "tags_all": {
              "Name": "my-vpc"
            }
          },
          "sensitive_attributes": [],
          "private": "eyJzY2hlbWFfdmVyc2lvbiI6IjEifQ=="
        }
      ]
    },
    {
      "mode": "managed",
      "type": "local_file",
      "name": "my_instance_key",
      "provider": "provider[\"registry.terraform.io/hashicorp/local\"]",
      "instances": [
        {
          "schema_version": 0,
          "attributes": {
            "content": "-----BEGIN RSA PRIVATE KEY-----\nMIIJJwIBAAKCAgEAnKnPRvz8xficiEtqmDyOiDihu/Cui6wHxHfNfQbbpaK2nxAk\nr0d4gseWMPF1Smx128zbPy112xtBZkUsd8e+HkG1ICGYbHyGObvCnzLM1fHFbNeD\nLWaHGLzKAEOIsNkGV6Bsu5rkvZ1UpGOsDvDbt5e2M1HOS7eSVKT1N6InRS7kwda3\nYXmxTFKLFFEDH9+ae/8WpFCIbnC3oTAC+nnonK1ngt6qKVn6lCOQk6tp2SgjuYJY\nM2ocXxDPj4ad5Pm61c5d90WuoCyDzGyNkHIuFh1aEcgcST/7frqV24HE6xd/lPcX\nJWvmGM9W0wXj2CrTJpNxGcxEl5uD9HLUX1RASuSW/Qf7Xx9HsyoKukqf9/wxu/eW\n8hjMNCbZ2Qhl79yj2nV9Xw6kKDZFVoAYqudD/bIgE+tNIoYIFM8zdf/AcBJm/D2m\nM/OcWsY6ZDHD1ZosdzGaycHo0CKk3d4qVzJcCUXf7P4w1A0XrKClT1qJW1kGlZx8\n56ZkipMD2pGoUDFaLfBQnss8TWSCLHCSgiOwvpptzClXdaS6tE2CLdQ7uG4DPv7h\n6TtdvCF7QK3ZEvhC0BYEZOTEnxkFGRdinpaNxZc+r67ULbsR73gi8GoLZQ7776Wm\no+FKfCDDqAIRuqaLj3KHw7AhGuEbGqKEjWiDpNhzIGzVITumD/5Y8VJcmeMCAwEA\nAQKCAgBvPgT5G1tCGC7OeP7P6vAqukvd8CGA/D7nu0ompWACVW/nssbZz546/w4e\n4tWuayWlVem5CsbNNqVRwXy58ROG2JGMp05cem+1PyYLdT8ODAdsKfvzmQIFBslJ\nNqsxKGngfwG2lV4nZjhcIopicZUS4J94AXbDPS6i/B9Dydiov4ugOJ8ukALddx9a\n5cuaLmS7935UXvsBsPgzdKwov7f0yQzfWMzrYAEWf8qBkQ4wLNhxOaT3nTlYJ8+6\n0pP7q3iHqWn/03MUOYe8+LftAabH/T+fsMClItGqQ0N2AseZR65IUMwWvm883r2A\nSoZnUMFuevOspedu3/bq9T7oEiMz7nj9d5cNFDbiu+rIdWB5E6voR+G205c3VS33\nuIiXCg/jn3bKxzipUPLmh2HGdefLbVYZW5uwNjFGyQgLKYxgy4DeEqXZVkQHXOgR\nLWRHXkFNaencjdbbRnzANiKt05jyVX9rrBCpF4/yvKHuAXLC5ml7xYvQoGooLBgG\ncbv3MHJXB139YOIyf460rous3knEORQMU/HBkrLBaYk08Vez49chgtndu2kVD6cd\nZoZe/JkLxET1icaYb6mUtP73I5+ugCiGBx+ifv+WxtWIFg6SlcikdZDvwH6XPKJu\nJr41xRVsqcpC0RIynHF/VqNJWepjdlqNNJyd/510oPJegqOugQKCAQEAxLCLEq0T\nazba2WphsrNdCT8ch3ggPGWkxr+3DEh+zaX5W+8sHd5a4y6ldkMImkyF3oLP5xrU\nUdT3nyn8tzKDSXV89GxL7vOPtlFepXMUwXDM+kWUocn+nNUBCntrLSKPxg0C20wy\nQlskRjTqu2+G/jNFjkA6NpxpQVuL9UZd2L1AppB5KZ6WOhHrhHa6U4gBmfuscTcs\nIRAWkFwKxJjAv1tYTL/zHwxHkzhzCI28czYxDxdXtY0GRrDeDVQsTjvWRh539x+G\n1ZwZD1Ek84J3pi5LOESHNaRqz1ct6LPVa5D88oLob2TvZEPRoIbEgx8rw2A257pS\nLnmE++2j8Ea4CQKCAQEAy+dviNfMR4/cTelVNDHiQ8PGioPIi741tHto2PM9ShoD\nhLQ12yU14YW6nqvLGUQJSrz1lUQm8AWJkafAN5HI6xXLwRXAyJoE7cMvPRHAFaND\nho2MIf53OyDvKakt0sDE+7MLsimQzaKkia3QpRT28HnJWX6c6PeRjSgNEma9EjC2\nOTg4pj1F9xLMny3OLwGDM82AL9dKPOuYQhXn8WvAYzU6elrRVYlMz8RtA9lHze2M\ng5lssNhC7PzCxUtVAJeLl/EMz5JFpONBiS+3PkE7uKlpHPMBEauog9lLtQvhx5Hd\niiWeJm8iTBm3xwyHHjtAQ0ALuDBnH4G4kUcV/gqFiwKCAQA6tmRdR9LTH0XGvq25\nNTdhajhu69nbjY/ZUCMpBH7tjkzYN5XYuKYyyJrVqX7o6EzRtgSvfN/CKatdFKB+\nYxKzm+GX6Lfl9UiB6Noy0x5v++cEEj8i6HQbhq3P3jWI/JckTH/8zEr4adJzLpqf\nJtSKDu4FX4DBCoGU4+nsZnvfFec1kUzJsrAvV2gRW4uVIbUwrOK1zP1cRTwnDYKd\nWue2d2LtTiMZsoWvGZulAwIs9hFA6vvgkt87vNIb8nNjSxNUTQYMe5m5K+aDHvrD\nwb9LmOgVPMeLqK/FgsWOgBgGCvqmvZL6pYucR25M183TQjvDD3Z0R7b+boHW3gIg\n2EtZAoIBAFFKo5za7AZbxGkLbXyxppN9qdnvUDTmUGL0EIjt8LFqTZzKe+4yl5ih\nyBUaSI56IXo6e25XDW8DxiTbzDZbWM7gkasZERLo1K418s9WFE6MGI+8PvIOkVpx\ndugVGr+7Os1eRHtzNtfEz/RT56rpAMo+w5d6cvQuP0kXfp6ndxmZcgy97VfZddtb\nE1ki2eDDqZstgr2QB3jiNIGkWiRV4Q2sWvQM4QhJBOaQWSX/qjDfU/XjZQHcNlJl\nMwGVVv41bOHWqFTY7Asgzy/yZgvb1gN5Bv8Tool49mYaa6RyaEE4ViqNdM+93t6Y\nIjypMfVLigNFtWZpZbOZ9At3W708VKECggEAYjrFb6HaS84yxkEfb7cDyUyuWi6H\nTjaq2nHosC5TXNjdUBVkVCOmF6atG+aFD9q0/0odScqPuZSCSq6ai6k8qpI1tRZN\nqoaz4HbtIQInAka0EpdMd+od8R/oLZ1dDALrBhCwMAgIxC9TS9uy4E5T+4iEMD01\nHmq6ewkVc1jBahiqBM4JTlAx+rSDW1ViBLq7tF2RpdIOc1JrTr7nfa5xWAwAzsCB\nyFPirQYje7OGlYj+JDy7IwNo6GYEKtM3HmgrmCFPlUHJwcTvGwkDKuJjXPSJNT9B\njeAqY0gSlWTmIrFj6et9fLx8YPJpaZa8XmBKXO7a4Qmn/8HChkAMPOeXgQ==\n-----END RSA PRIVATE KEY-----\n",
            "content_base64": null,
            "content_base64sha256": "NgyJ5xlywUcUAG9JWe872MfEeC1xb1iWYmmAAcqY0bM=",
            "content_base64sha512": "+066ZtzFWbtmoYsb1d0XeF2jkWaub+0VCajG43H8XiuEIzJOB780tD3Ro9q2FJHdoJtEO3sCh5bVOKswM7Ebzw==",
            "content_md5": "0a6d6b6e05da4b9a9e092d266e7ff0e5",
            "content_sha1": "f1103c68353ffee1c5c0473e60625a89f6f0941a",
            "content_sha256": "360c89e71972c14714006f4959ef3bd8c7c4782d716f589662698001ca98d1b3",
            "content_sha512": "fb4eba66dcc559bb66a18b1bd5dd17785da39166ae6fed1509a8c6e371fc5e2b8423324e07bf34b43dd1a3dab61491dda09b443b7b028796d538ab3033b11bcf",
            "directory_permission": "0777",
            "file_permission": "0777",
            "filename": "instance-private-key",
            "id": "f1103c68353ffee1c5c0473e60625a89f6f0941a",
            "sensitive_content": null,
            "source": null
          },
          "sensitive_attributes": [
            [
              {
                "type": "get_attr",
                "value": "content"
              }
            ]
          ],
          "dependencies": [
            "tls_private_key.rsa"
          ]
        }
      ]
    },
    {
      "mode": "managed",
      "type": "tls_private_key",
      "name": "rsa",
      "provider": "provider[\"registry.terraform.io/hashicorp/tls\"]",
      "instances": [
        {
          "schema_version": 1,
          "attributes": {
            "algorithm": "RSA",
            "ecdsa_curve": "P224",
            "id": "980a22c9d4c5673f45a2c6ddca3146245f7104d3",
            "private_key_openssh": "-----BEGIN OPENSSH PRIVATE KEY-----\nb3BlbnNzaC1rZXktdjEAAAAABG5vbmUAAAAEbm9uZQAAAAAAAAABAAACFwAAAAdz\nc2gtcnNhAAAAAwEAAQAAAgEAnKnPRvz8xficiEtqmDyOiDihu/Cui6wHxHfNfQbb\npaK2nxAkr0d4gseWMPF1Smx128zbPy112xtBZkUsd8e+HkG1ICGYbHyGObvCnzLM\n1fHFbNeDLWaHGLzKAEOIsNkGV6Bsu5rkvZ1UpGOsDvDbt5e2M1HOS7eSVKT1N6In\nRS7kwda3YXmxTFKLFFEDH9+ae/8WpFCIbnC3oTAC+nnonK1ngt6qKVn6lCOQk6tp\n2SgjuYJYM2ocXxDPj4ad5Pm61c5d90WuoCyDzGyNkHIuFh1aEcgcST/7frqV24HE\n6xd/lPcXJWvmGM9W0wXj2CrTJpNxGcxEl5uD9HLUX1RASuSW/Qf7Xx9HsyoKukqf\n9/wxu/eW8hjMNCbZ2Qhl79yj2nV9Xw6kKDZFVoAYqudD/bIgE+tNIoYIFM8zdf/A\ncBJm/D2mM/OcWsY6ZDHD1ZosdzGaycHo0CKk3d4qVzJcCUXf7P4w1A0XrKClT1qJ\nW1kGlZx856ZkipMD2pGoUDFaLfBQnss8TWSCLHCSgiOwvpptzClXdaS6tE2CLdQ7\nuG4DPv7h6TtdvCF7QK3ZEvhC0BYEZOTEnxkFGRdinpaNxZc+r67ULbsR73gi8GoL\nZQ7776Wmo+FKfCDDqAIRuqaLj3KHw7AhGuEbGqKEjWiDpNhzIGzVITumD/5Y8VJc\nmeMAAAc4N9r3dzfa93cAAAAHc3NoLXJzYQAAAgEAnKnPRvz8xficiEtqmDyOiDih\nu/Cui6wHxHfNfQbbpaK2nxAkr0d4gseWMPF1Smx128zbPy112xtBZkUsd8e+HkG1\nICGYbHyGObvCnzLM1fHFbNeDLWaHGLzKAEOIsNkGV6Bsu5rkvZ1UpGOsDvDbt5e2\nM1HOS7eSVKT1N6InRS7kwda3YXmxTFKLFFEDH9+ae/8WpFCIbnC3oTAC+nnonK1n\ngt6qKVn6lCOQk6tp2SgjuYJYM2ocXxDPj4ad5Pm61c5d90WuoCyDzGyNkHIuFh1a\nEcgcST/7frqV24HE6xd/lPcXJWvmGM9W0wXj2CrTJpNxGcxEl5uD9HLUX1RASuSW\n/Qf7Xx9HsyoKukqf9/wxu/eW8hjMNCbZ2Qhl79yj2nV9Xw6kKDZFVoAYqudD/bIg\nE+tNIoYIFM8zdf/AcBJm/D2mM/OcWsY6ZDHD1ZosdzGaycHo0CKk3d4qVzJcCUXf\n7P4w1A0XrKClT1qJW1kGlZx856ZkipMD2pGoUDFaLfBQnss8TWSCLHCSgiOwvppt\nzClXdaS6tE2CLdQ7uG4DPv7h6TtdvCF7QK3ZEvhC0BYEZOTEnxkFGRdinpaNxZc+\nr67ULbsR73gi8GoLZQ7776Wmo+FKfCDDqAIRuqaLj3KHw7AhGuEbGqKEjWiDpNhz\nIGzVITumD/5Y8VJcmeMAAAADAQABAAACAG8+BPkbW0IYLs54/s/q8Cq6S93wIYD8\nPue7SialYAJVb+eyxtnPnjr/Dh7i1a5rJaVV6bkKxs02pVHBfLnxE4bYkYynTlx6\nb7U/Jgt1Pw4MB2wp+/OZAgUGyUk2qzEoaeB/AbaVXidmOFwiimJxlRLgn3gBdsM9\nLqL8H0PJ2Ki/i6A4ny6QAt13H1rly5ouZLv3flRe+wGw+DN0rCi/t/TJDN9YzOtg\nARZ/yoGRDjAs2HE5pPedOVgnz7rSk/ureIepaf/TcxQ5h7z4t+0Bpsf9P5+wwKUi\n0apDQ3YCx5lHrkhQzBa+bzzevYBKhmdQwW5686yl527f9ur1PugSIzPueP13lw0U\nNuK76sh1YHkTq+hH4bbTlzdVLfe4iJcKD+OfdsrHOKlQ8uaHYcZ158ttVhlbm7A2\nMUbJCAspjGDLgN4SpdlWRAdc6BEtZEdeQU1p6dyN1ttGfMA2Iq3TmPJVf2usEKkX\nj/K8oe4BcsLmaXvFi9CgaigsGAZxu/cwclcHXf1g4jJ/jrSui6zeScQ5FAxT8cGS\nssFpiTTxV7Pj1yGC2d27aRUPpx1mhl78mQvERPWJxphvqZS0/vcjn66AKIYHH6J+\n/5bG1YgWDpKVyKR1kO/Afpc8om4mvjXFFWypykLREjKccX9Wo0lZ6mN2Wo00nJ3/\nnXSg8l6Co66BAAABAGI6xW+h2kvOMsZBH2+3A8lMrlouh042qtpx6LAuU1zY3VAV\nZFQjphemrRvmhQ/atP9KHUnKj7mUgkqumoupPKqSNbUWTaqGs+B27SECJwJGtBKX\nTHfqHfEf6C2dXQwC6wYQsDAICMQvU0vbsuBOU/uIhDA9NR5qunsJFXNYwWoYqgTO\nCU5QMfq0g1tVYgS6u7RdkaXSDnNSa06+532ucVgMAM7AgchT4q0GI3uzhpWI/iQ8\nuyMDaOhmBCrTNx5oK5ghT5VBycHE7xsJAyriY1z0iTU/QY3gKmNIEpVk5iKxY+nr\nfXy8fGDyaWmWvF5gSlzu2uEJp//BwoZADDznl4EAAAEBAMSwixKtE2s22tlqYbKz\nXQk/HId4IDxlpMa/twxIfs2l+VvvLB3eWuMupXZDCJpMhd6Cz+ca1FHU958p/Lcy\ng0l1fPRsS+7zj7ZRXqVzFMFwzPpFlKHJ/pzVAQp7ay0ij8YNAttMMkJbJEY06rtv\nhv4zRY5AOjacaUFbi/VGXdi9QKaQeSmeljoR64R2ulOIAZn7rHE3LCEQFpBcCsSY\nwL9bWEy/8x8MR5M4cwiNvHM2MQ8XV7WNBkaw3g1ULE471kYed/cfhtWcGQ9RJPOC\nd6YuSzhEhzWkas9XLeiz1WuQ/PKC6G9k72RD0aCGxIMfK8NgNue6Ui55hPvto/BG\nuAkAAAEBAMvnb4jXzEeP3E3pVTQx4kPDxoqDyIu+NbR7aNjzPUoaA4S0NdslNeGF\nup6ryxlECUq89ZVEJvAFiZGnwDeRyOsVy8EVwMiaBO3DLz0RwBWjQ4aNjCH+dzsg\n7ympLdLAxPuzC7IpkM2ipImt0KUU9vB5yVl+nOj3kY0oDRJmvRIwtjk4OKY9RfcS\nzJ8tzi8BgzPNgC/XSjzrmEIV5/FrwGM1Onpa0VWJTM/EbQPZR83tjIOZbLDYQuz8\nwsVLVQCXi5fxDM+SRaTjQYkvtz5BO7ipaRzzARGrqIPZS7UL4ceR3YolniZvIkwZ\nt8cMhx47QENAC7gwZx+BuJFHFf4KhYsAAAAAAQID\n-----END OPENSSH PRIVATE KEY-----\n",
            "private_key_pem": "-----BEGIN RSA PRIVATE KEY-----\nMIIJJwIBAAKCAgEAnKnPRvz8xficiEtqmDyOiDihu/Cui6wHxHfNfQbbpaK2nxAk\nr0d4gseWMPF1Smx128zbPy112xtBZkUsd8e+HkG1ICGYbHyGObvCnzLM1fHFbNeD\nLWaHGLzKAEOIsNkGV6Bsu5rkvZ1UpGOsDvDbt5e2M1HOS7eSVKT1N6InRS7kwda3\nYXmxTFKLFFEDH9+ae/8WpFCIbnC3oTAC+nnonK1ngt6qKVn6lCOQk6tp2SgjuYJY\nM2ocXxDPj4ad5Pm61c5d90WuoCyDzGyNkHIuFh1aEcgcST/7frqV24HE6xd/lPcX\nJWvmGM9W0wXj2CrTJpNxGcxEl5uD9HLUX1RASuSW/Qf7Xx9HsyoKukqf9/wxu/eW\n8hjMNCbZ2Qhl79yj2nV9Xw6kKDZFVoAYqudD/bIgE+tNIoYIFM8zdf/AcBJm/D2m\nM/OcWsY6ZDHD1ZosdzGaycHo0CKk3d4qVzJcCUXf7P4w1A0XrKClT1qJW1kGlZx8\n56ZkipMD2pGoUDFaLfBQnss8TWSCLHCSgiOwvpptzClXdaS6tE2CLdQ7uG4DPv7h\n6TtdvCF7QK3ZEvhC0BYEZOTEnxkFGRdinpaNxZc+r67ULbsR73gi8GoLZQ7776Wm\no+FKfCDDqAIRuqaLj3KHw7AhGuEbGqKEjWiDpNhzIGzVITumD/5Y8VJcmeMCAwEA\nAQKCAgBvPgT5G1tCGC7OeP7P6vAqukvd8CGA/D7nu0ompWACVW/nssbZz546/w4e\n4tWuayWlVem5CsbNNqVRwXy58ROG2JGMp05cem+1PyYLdT8ODAdsKfvzmQIFBslJ\nNqsxKGngfwG2lV4nZjhcIopicZUS4J94AXbDPS6i/B9Dydiov4ugOJ8ukALddx9a\n5cuaLmS7935UXvsBsPgzdKwov7f0yQzfWMzrYAEWf8qBkQ4wLNhxOaT3nTlYJ8+6\n0pP7q3iHqWn/03MUOYe8+LftAabH/T+fsMClItGqQ0N2AseZR65IUMwWvm883r2A\nSoZnUMFuevOspedu3/bq9T7oEiMz7nj9d5cNFDbiu+rIdWB5E6voR+G205c3VS33\nuIiXCg/jn3bKxzipUPLmh2HGdefLbVYZW5uwNjFGyQgLKYxgy4DeEqXZVkQHXOgR\nLWRHXkFNaencjdbbRnzANiKt05jyVX9rrBCpF4/yvKHuAXLC5ml7xYvQoGooLBgG\ncbv3MHJXB139YOIyf460rous3knEORQMU/HBkrLBaYk08Vez49chgtndu2kVD6cd\nZoZe/JkLxET1icaYb6mUtP73I5+ugCiGBx+ifv+WxtWIFg6SlcikdZDvwH6XPKJu\nJr41xRVsqcpC0RIynHF/VqNJWepjdlqNNJyd/510oPJegqOugQKCAQEAxLCLEq0T\nazba2WphsrNdCT8ch3ggPGWkxr+3DEh+zaX5W+8sHd5a4y6ldkMImkyF3oLP5xrU\nUdT3nyn8tzKDSXV89GxL7vOPtlFepXMUwXDM+kWUocn+nNUBCntrLSKPxg0C20wy\nQlskRjTqu2+G/jNFjkA6NpxpQVuL9UZd2L1AppB5KZ6WOhHrhHa6U4gBmfuscTcs\nIRAWkFwKxJjAv1tYTL/zHwxHkzhzCI28czYxDxdXtY0GRrDeDVQsTjvWRh539x+G\n1ZwZD1Ek84J3pi5LOESHNaRqz1ct6LPVa5D88oLob2TvZEPRoIbEgx8rw2A257pS\nLnmE++2j8Ea4CQKCAQEAy+dviNfMR4/cTelVNDHiQ8PGioPIi741tHto2PM9ShoD\nhLQ12yU14YW6nqvLGUQJSrz1lUQm8AWJkafAN5HI6xXLwRXAyJoE7cMvPRHAFaND\nho2MIf53OyDvKakt0sDE+7MLsimQzaKkia3QpRT28HnJWX6c6PeRjSgNEma9EjC2\nOTg4pj1F9xLMny3OLwGDM82AL9dKPOuYQhXn8WvAYzU6elrRVYlMz8RtA9lHze2M\ng5lssNhC7PzCxUtVAJeLl/EMz5JFpONBiS+3PkE7uKlpHPMBEauog9lLtQvhx5Hd\niiWeJm8iTBm3xwyHHjtAQ0ALuDBnH4G4kUcV/gqFiwKCAQA6tmRdR9LTH0XGvq25\nNTdhajhu69nbjY/ZUCMpBH7tjkzYN5XYuKYyyJrVqX7o6EzRtgSvfN/CKatdFKB+\nYxKzm+GX6Lfl9UiB6Noy0x5v++cEEj8i6HQbhq3P3jWI/JckTH/8zEr4adJzLpqf\nJtSKDu4FX4DBCoGU4+nsZnvfFec1kUzJsrAvV2gRW4uVIbUwrOK1zP1cRTwnDYKd\nWue2d2LtTiMZsoWvGZulAwIs9hFA6vvgkt87vNIb8nNjSxNUTQYMe5m5K+aDHvrD\nwb9LmOgVPMeLqK/FgsWOgBgGCvqmvZL6pYucR25M183TQjvDD3Z0R7b+boHW3gIg\n2EtZAoIBAFFKo5za7AZbxGkLbXyxppN9qdnvUDTmUGL0EIjt8LFqTZzKe+4yl5ih\nyBUaSI56IXo6e25XDW8DxiTbzDZbWM7gkasZERLo1K418s9WFE6MGI+8PvIOkVpx\ndugVGr+7Os1eRHtzNtfEz/RT56rpAMo+w5d6cvQuP0kXfp6ndxmZcgy97VfZddtb\nE1ki2eDDqZstgr2QB3jiNIGkWiRV4Q2sWvQM4QhJBOaQWSX/qjDfU/XjZQHcNlJl\nMwGVVv41bOHWqFTY7Asgzy/yZgvb1gN5Bv8Tool49mYaa6RyaEE4ViqNdM+93t6Y\nIjypMfVLigNFtWZpZbOZ9At3W708VKECggEAYjrFb6HaS84yxkEfb7cDyUyuWi6H\nTjaq2nHosC5TXNjdUBVkVCOmF6atG+aFD9q0/0odScqPuZSCSq6ai6k8qpI1tRZN\nqoaz4HbtIQInAka0EpdMd+od8R/oLZ1dDALrBhCwMAgIxC9TS9uy4E5T+4iEMD01\nHmq6ewkVc1jBahiqBM4JTlAx+rSDW1ViBLq7tF2RpdIOc1JrTr7nfa5xWAwAzsCB\nyFPirQYje7OGlYj+JDy7IwNo6GYEKtM3HmgrmCFPlUHJwcTvGwkDKuJjXPSJNT9B\njeAqY0gSlWTmIrFj6et9fLx8YPJpaZa8XmBKXO7a4Qmn/8HChkAMPOeXgQ==\n-----END RSA PRIVATE KEY-----\n",
            "private_key_pem_pkcs8": "-----BEGIN PRIVATE KEY-----\nMIIJQQIBADANBgkqhkiG9w0BAQEFAASCCSswggknAgEAAoICAQCcqc9G/PzF+JyI\nS2qYPI6IOKG78K6LrAfEd819BtulorafECSvR3iCx5Yw8XVKbHXbzNs/LXXbG0Fm\nRSx3x74eQbUgIZhsfIY5u8KfMszV8cVs14MtZocYvMoAQ4iw2QZXoGy7muS9nVSk\nY6wO8Nu3l7YzUc5Lt5JUpPU3oidFLuTB1rdhebFMUosUUQMf35p7/xakUIhucLeh\nMAL6eeicrWeC3qopWfqUI5CTq2nZKCO5glgzahxfEM+Php3k+brVzl33Ra6gLIPM\nbI2Qci4WHVoRyBxJP/t+upXbgcTrF3+U9xcla+YYz1bTBePYKtMmk3EZzESXm4P0\nctRfVEBK5Jb9B/tfH0ezKgq6Sp/3/DG795byGMw0JtnZCGXv3KPadX1fDqQoNkVW\ngBiq50P9siAT600ihggUzzN1/8BwEmb8PaYz85xaxjpkMcPVmix3MZrJwejQIqTd\n3ipXMlwJRd/s/jDUDResoKVPWolbWQaVnHznpmSKkwPakahQMVot8FCeyzxNZIIs\ncJKCI7C+mm3MKVd1pLq0TYIt1Du4bgM+/uHpO128IXtArdkS+ELQFgRk5MSfGQUZ\nF2Kelo3Flz6vrtQtuxHveCLwagtlDvvvpaaj4Up8IMOoAhG6pouPcofDsCEa4Rsa\nooSNaIOk2HMgbNUhO6YP/ljxUlyZ4wIDAQABAoICAG8+BPkbW0IYLs54/s/q8Cq6\nS93wIYD8Pue7SialYAJVb+eyxtnPnjr/Dh7i1a5rJaVV6bkKxs02pVHBfLnxE4bY\nkYynTlx6b7U/Jgt1Pw4MB2wp+/OZAgUGyUk2qzEoaeB/AbaVXidmOFwiimJxlRLg\nn3gBdsM9LqL8H0PJ2Ki/i6A4ny6QAt13H1rly5ouZLv3flRe+wGw+DN0rCi/t/TJ\nDN9YzOtgARZ/yoGRDjAs2HE5pPedOVgnz7rSk/ureIepaf/TcxQ5h7z4t+0Bpsf9\nP5+wwKUi0apDQ3YCx5lHrkhQzBa+bzzevYBKhmdQwW5686yl527f9ur1PugSIzPu\neP13lw0UNuK76sh1YHkTq+hH4bbTlzdVLfe4iJcKD+OfdsrHOKlQ8uaHYcZ158tt\nVhlbm7A2MUbJCAspjGDLgN4SpdlWRAdc6BEtZEdeQU1p6dyN1ttGfMA2Iq3TmPJV\nf2usEKkXj/K8oe4BcsLmaXvFi9CgaigsGAZxu/cwclcHXf1g4jJ/jrSui6zeScQ5\nFAxT8cGSssFpiTTxV7Pj1yGC2d27aRUPpx1mhl78mQvERPWJxphvqZS0/vcjn66A\nKIYHH6J+/5bG1YgWDpKVyKR1kO/Afpc8om4mvjXFFWypykLREjKccX9Wo0lZ6mN2\nWo00nJ3/nXSg8l6Co66BAoIBAQDEsIsSrRNrNtrZamGys10JPxyHeCA8ZaTGv7cM\nSH7Npflb7ywd3lrjLqV2QwiaTIXegs/nGtRR1PefKfy3MoNJdXz0bEvu84+2UV6l\ncxTBcMz6RZShyf6c1QEKe2stIo/GDQLbTDJCWyRGNOq7b4b+M0WOQDo2nGlBW4v1\nRl3YvUCmkHkpnpY6EeuEdrpTiAGZ+6xxNywhEBaQXArEmMC/W1hMv/MfDEeTOHMI\njbxzNjEPF1e1jQZGsN4NVCxOO9ZGHnf3H4bVnBkPUSTzgnemLks4RIc1pGrPVy3o\ns9VrkPzyguhvZO9kQ9GghsSDHyvDYDbnulIueYT77aPwRrgJAoIBAQDL52+I18xH\nj9xN6VU0MeJDw8aKg8iLvjW0e2jY8z1KGgOEtDXbJTXhhbqeq8sZRAlKvPWVRCbw\nBYmRp8A3kcjrFcvBFcDImgTtwy89EcAVo0OGjYwh/nc7IO8pqS3SwMT7swuyKZDN\noqSJrdClFPbweclZfpzo95GNKA0SZr0SMLY5ODimPUX3EsyfLc4vAYMzzYAv10o8\n65hCFefxa8BjNTp6WtFViUzPxG0D2UfN7YyDmWyw2ELs/MLFS1UAl4uX8QzPkkWk\n40GJL7c+QTu4qWkc8wERq6iD2Uu1C+HHkd2KJZ4mbyJMGbfHDIceO0BDQAu4MGcf\ngbiRRxX+CoWLAoIBADq2ZF1H0tMfRca+rbk1N2FqOG7r2duNj9lQIykEfu2OTNg3\nldi4pjLImtWpfujoTNG2BK9838Ipq10UoH5jErOb4Zfot+X1SIHo2jLTHm/75wQS\nPyLodBuGrc/eNYj8lyRMf/zMSvhp0nMump8m1IoO7gVfgMEKgZTj6exme98V5zWR\nTMmysC9XaBFbi5UhtTCs4rXM/VxFPCcNgp1a57Z3Yu1OIxmyha8Zm6UDAiz2EUDq\n++CS3zu80hvyc2NLE1RNBgx7mbkr5oMe+sPBv0uY6BU8x4uor8WCxY6AGAYK+qa9\nkvqli5xHbkzXzdNCO8MPdnRHtv5ugdbeAiDYS1kCggEAUUqjnNrsBlvEaQttfLGm\nk32p2e9QNOZQYvQQiO3wsWpNnMp77jKXmKHIFRpIjnohejp7blcNbwPGJNvMNltY\nzuCRqxkREujUrjXyz1YUTowYj7w+8g6RWnF26BUav7s6zV5Ee3M218TP9FPnqukA\nyj7Dl3py9C4/SRd+nqd3GZlyDL3tV9l121sTWSLZ4MOpmy2CvZAHeOI0gaRaJFXh\nDaxa9AzhCEkE5pBZJf+qMN9T9eNlAdw2UmUzAZVW/jVs4daoVNjsCyDPL/JmC9vW\nA3kG/xOiiXj2ZhprpHJoQThWKo10z73e3pgiPKkx9UuKA0W1Zmlls5n0C3dbvTxU\noQKCAQBiOsVvodpLzjLGQR9vtwPJTK5aLodONqraceiwLlNc2N1QFWRUI6YXpq0b\n5oUP2rT/Sh1Jyo+5lIJKrpqLqTyqkjW1Fk2qhrPgdu0hAicCRrQSl0x36h3xH+gt\nnV0MAusGELAwCAjEL1NL27LgTlP7iIQwPTUearp7CRVzWMFqGKoEzglOUDH6tINb\nVWIEuru0XZGl0g5zUmtOvud9rnFYDADOwIHIU+KtBiN7s4aViP4kPLsjA2joZgQq\n0zceaCuYIU+VQcnBxO8bCQMq4mNc9Ik1P0GN4CpjSBKVZOYisWPp6318vHxg8mlp\nlrxeYEpc7trhCaf/wcKGQAw855eB\n-----END PRIVATE KEY-----\n",
            "public_key_fingerprint_md5": "1e:4b:3c:1a:45:03:fa:9e:38:b2:7e:ce:35:cd:dc:b7",
            "public_key_fingerprint_sha256": "SHA256:vh8GcTGKIX35y2JwZyYPogwutRHqbCc+ke3vL0VjufA",
            "public_key_openssh": "ssh-rsa AAAAB3NzaC1yc2EAAAADAQABAAACAQCcqc9G/PzF+JyIS2qYPI6IOKG78K6LrAfEd819BtulorafECSvR3iCx5Yw8XVKbHXbzNs/LXXbG0FmRSx3x74eQbUgIZhsfIY5u8KfMszV8cVs14MtZocYvMoAQ4iw2QZXoGy7muS9nVSkY6wO8Nu3l7YzUc5Lt5JUpPU3oidFLuTB1rdhebFMUosUUQMf35p7/xakUIhucLehMAL6eeicrWeC3qopWfqUI5CTq2nZKCO5glgzahxfEM+Php3k+brVzl33Ra6gLIPMbI2Qci4WHVoRyBxJP/t+upXbgcTrF3+U9xcla+YYz1bTBePYKtMmk3EZzESXm4P0ctRfVEBK5Jb9B/tfH0ezKgq6Sp/3/DG795byGMw0JtnZCGXv3KPadX1fDqQoNkVWgBiq50P9siAT600ihggUzzN1/8BwEmb8PaYz85xaxjpkMcPVmix3MZrJwejQIqTd3ipXMlwJRd/s/jDUDResoKVPWolbWQaVnHznpmSKkwPakahQMVot8FCeyzxNZIIscJKCI7C+mm3MKVd1pLq0TYIt1Du4bgM+/uHpO128IXtArdkS+ELQFgRk5MSfGQUZF2Kelo3Flz6vrtQtuxHveCLwagtlDvvvpaaj4Up8IMOoAhG6pouPcofDsCEa4RsaooSNaIOk2HMgbNUhO6YP/ljxUlyZ4w==\n",
            "public_key_pem": "-----BEGIN PUBLIC KEY-----\nMIICIjANBgkqhkiG9w0BAQEFAAOCAg8AMIICCgKCAgEAnKnPRvz8xficiEtqmDyO\niDihu/Cui6wHxHfNfQbbpaK2nxAkr0d4gseWMPF1Smx128zbPy112xtBZkUsd8e+\nHkG1ICGYbHyGObvCnzLM1fHFbNeDLWaHGLzKAEOIsNkGV6Bsu5rkvZ1UpGOsDvDb\nt5e2M1HOS7eSVKT1N6InRS7kwda3YXmxTFKLFFEDH9+ae/8WpFCIbnC3oTAC+nno\nnK1ngt6qKVn6lCOQk6tp2SgjuYJYM2ocXxDPj4ad5Pm61c5d90WuoCyDzGyNkHIu\nFh1aEcgcST/7frqV24HE6xd/lPcXJWvmGM9W0wXj2CrTJpNxGcxEl5uD9HLUX1RA\nSuSW/Qf7Xx9HsyoKukqf9/wxu/eW8hjMNCbZ2Qhl79yj2nV9Xw6kKDZFVoAYqudD\n/bIgE+tNIoYIFM8zdf/AcBJm/D2mM/OcWsY6ZDHD1ZosdzGaycHo0CKk3d4qVzJc\nCUXf7P4w1A0XrKClT1qJW1kGlZx856ZkipMD2pGoUDFaLfBQnss8TWSCLHCSgiOw\nvpptzClXdaS6tE2CLdQ7uG4DPv7h6TtdvCF7QK3ZEvhC0BYEZOTEnxkFGRdinpaN\nxZc+r67ULbsR73gi8GoLZQ7776Wmo+FKfCDDqAIRuqaLj3KHw7AhGuEbGqKEjWiD\npNhzIGzVITumD/5Y8VJcmeMCAwEAAQ==\n-----END PUBLIC KEY-----\n",
            "rsa_bits": 4096
          },
          "sensitive_attributes": []
        }
      ]
    }
  ],
  "check_results": null
}
